
Microsoft Visual Studio Solution File, Format Version 12.00
# Visual Studio Version 16
VisualStudioVersion = 16.0.31424.327
MinimumVisualStudioVersion = 10.0.40219.1
Project("{FAE04EC0-301F-11D3-BF4B-00C04F79EFBC}") = "Job_Tracker", "Job_Tracker\Job_Tracker.csproj", "{EFCBECEA-DAE2-4D48-B273-6EDA78025D82}"
EndProject
Project("{FAE04EC0-301F-11D3-BF4B-00C04F79EFBC}") = "EntityLayer", "EntityLayer\EntityLayer.csproj", "{5E6FE7AB-85EA-44D4-9DF6-C40B3B40AEA1}"
EndProject
Project("{FAE04EC0-301F-11D3-BF4B-00C04F79EFBC}") = "DataAccessLayer", "DataAccessLayer\DataAccessLayer.csproj", "{1576BFC6-166E-4B74-9DD8-E7332E093359}"
EndProject
Project("{FAE04EC0-301F-11D3-BF4B-00C04F79EFBC}") = "BusinessLayer", "BusinessLayer\BusinessLayer.csproj", "{493E1730-C7A2-4E7F-8806-E2758DD7A271}"
EndProject
Project("{FAE04EC0-301F-11D3-BF4B-00C04F79EFBC}") = "DTOLayer", "DTOLayer\DTOLayer.csproj", "{D48DBD88-A676-4381-890D-53AC96D619DC}"
EndProject
Global
	GlobalSection(SolutionConfigurationPlatforms) = preSolution
		Debug|Any CPU = Debug|Any CPU
		Release|Any CPU = Release|Any CPU
	EndGlobalSection
	GlobalSection(ProjectConfigurationPlatforms) = postSolution
		{EFCBECEA-DAE2-4D48-B273-6EDA78025D82}.Debug|Any CPU.ActiveCfg = Debug|Any CPU
		{EFCBECEA-DAE2-4D48-B273-6EDA78025D82}.Debug|Any CPU.Build.0 = Debug|Any CPU
		{EFCBECEA-DAE2-4D48-B273-6EDA78025D82}.Release|Any CPU.ActiveCfg = Release|Any CPU
		{EFCBECEA-DAE2-4D48-B273-6EDA78025D82}.Release|Any CPU.Build.0 = Release|Any CPU
		{5E6FE7AB-85EA-44D4-9DF6-C40B3B40AEA1}.Debug|Any CPU.ActiveCfg = Debug|Any CPU
		{5E6FE7AB-85EA-44D4-9DF6-C40B3B40AEA1}.Debug|Any CPU.Build.0 = Debug|Any CPU
		{5E6FE7AB-85EA-44D4-9DF6-C40B3B40AEA1}.Release|Any CPU.ActiveCfg = Release|Any CPU
		{5E6FE7AB-85EA-44D4-9DF6-C40B3B40AEA1}.Release|Any CPU.Build.0 = Release|Any CPU
		{1576BFC6-166E-4B74-9DD8-E7332E093359}.Debug|Any CPU.ActiveCfg = Debug|Any CPU
		{1576BFC6-166E-4B74-9DD8-E7332E093359}.Debug|Any CPU.Build.0 = Debug|Any CPU
		{1576BFC6-166E-4B74-9DD8-E7332E093359}.Release|Any CPU.ActiveCfg = Release|Any CPU
		{1576BFC6-166E-4B74-9DD8-E7332E093359}.Release|Any CPU.Build.0 = Release|Any CPU
		{493E1730-C7A2-4E7F-8806-E2758DD7A271}.Debug|Any CPU.ActiveCfg = Debug|Any CPU
		{493E1730-C7A2-4E7F-8806-E2758DD7A271}.Debug|Any CPU.Build.0 = Debug|Any CPU
		{493E1730-C7A2-4E7F-8806-E2758DD7A271}.Release|Any CPU.ActiveCfg = Release|Any CPU
		{493E1730-C7A2-4E7F-8806-E2758DD7A271}.Release|Any CPU.Build.0 = Release|Any CPU
		{D48DBD88-A676-4381-890D-53AC96D619DC}.Debug|Any CPU.ActiveCfg = Debug|Any CPU
		{D48DBD88-A676-4381-890D-53AC96D619DC}.Debug|Any CPU.Build.0 = Debug|Any CPU
		{D48DBD88-A676-4381-890D-53AC96D619DC}.Release|Any CPU.ActiveCfg = Release|Any CPU
		{D48DBD88-A676-4381-890D-53AC96D619DC}.Release|Any CPU.Build.0 = Release|Any CPU
	EndGlobalSection
	GlobalSection(SolutionProperties) = preSolution
		HideSolutionNode = FALSE
	EndGlobalSection
	GlobalSection(ExtensibilityGlobals) = postSolution
		SolutionGuid = {0E36535B-691A-4DEA-A4FF-C6C2DBD343C6}
	EndGlobalSection
EndGlobal
